// !$*UTF8*$!
{
	archiveVersion = 1;
	classes = {
	};
	objectVersion = 77;
	objects = {

/* Begin PBXBuildFile section */
		C00000000000000000000001 /* SteveApp.swift in Sources */ = {isa = PBXBuildFile; fileRef = B00000000000000000000001 /* SteveApp.swift */; };
		C00000000000000000000004 /* SettingsView.swift in Sources */ = {isa = PBXBuildFile; fileRef = B00000000000000000000004 /* SettingsView.swift */; };
		C00000000000000000000027 /* MainWindowView.swift in Sources */ = {isa = PBXBuildFile; fileRef = B00000000000000000000027 /* MainWindowView.swift */; };
		C00000000000000000000016 /* ReviewSidebarView.swift in Sources */ = {isa = PBXBuildFile; fileRef = B00000000000000000000018 /* ReviewSidebarView.swift */; };
		C00000000000000000000017 /* ReviewWindowView.swift in Sources */ = {isa = PBXBuildFile; fileRef = B00000000000000000000019 /* ReviewWindowView.swift */; };
		C00000000000000000000018 /* ReviewWindowController.swift in Sources */ = {isa = PBXBuildFile; fileRef = B0000000000000000000001A /* ReviewWindowController.swift */; };
		C00000000000000000000019 /* ReviewSidebarModel.swift in Sources */ = {isa = PBXBuildFile; fileRef = B0000000000000000000001B /* ReviewSidebarModel.swift */; };
		C0000000000000000000001C /* DiffRendererView.swift in Sources */ = {isa = PBXBuildFile; fileRef = B0000000000000000000001C /* DiffRendererView.swift */; };
		C0000000000000000000001D /* DiffBridge.swift in Sources */ = {isa = PBXBuildFile; fileRef = B0000000000000000000001D /* DiffBridge.swift */; };
		C0000000000000000000001F /* UnifiedDiffParser.swift in Sources */ = {isa = PBXBuildFile; fileRef = B0000000000000000000001F /* UnifiedDiffParser.swift */; };
		C00000000000000000000024 /* UnifiedDiffGenerator.swift in Sources */ = {isa = PBXBuildFile; fileRef = B00000000000000000000024 /* UnifiedDiffGenerator.swift */; };
		C0000000000000000000001E /* DiffRenderer in Resources */ = {isa = PBXBuildFile; fileRef = B0000000000000000000001E /* DiffRenderer */; };
		C00000000000000000000005 /* Cache.swift in Sources */ = {isa = PBXBuildFile; fileRef = B00000000000000000000006 /* Cache.swift */; };
		C00000000000000000000006 /* OriginClient.swift in Sources */ = {isa = PBXBuildFile; fileRef = B00000000000000000000007 /* OriginClient.swift */; };
		C00000000000000000000007 /* StateEngine.swift in Sources */ = {isa = PBXBuildFile; fileRef = B00000000000000000000008 /* StateEngine.swift */; };
		C00000000000000000000008 /* Installer.swift in Sources */ = {isa = PBXBuildFile; fileRef = B00000000000000000000009 /* Installer.swift */; };
		C00000000000000000000009 /* Scheduler.swift in Sources */ = {isa = PBXBuildFile; fileRef = B0000000000000000000000A /* Scheduler.swift */; };
		C0000000000000000000000A /* SteveTests.swift in Sources */ = {isa = PBXBuildFile; fileRef = B0000000000000000000000B /* SteveTests.swift */; };
		C0000000000000000000000B /* CacheTests.swift in Sources */ = {isa = PBXBuildFile; fileRef = B0000000000000000000000E /* CacheTests.swift */; };
		C0000000000000000000000C /* Cache.swift in SteveTests */ = {isa = PBXBuildFile; fileRef = B00000000000000000000006 /* Cache.swift */; };
		C0000000000000000000000D /* HTTPTransport.swift in Sources */ = {isa = PBXBuildFile; fileRef = B0000000000000000000000F /* HTTPTransport.swift */; };
		C0000000000000000000000E /* TarballExtractor.swift in Sources */ = {isa = PBXBuildFile; fileRef = B00000000000000000000010 /* TarballExtractor.swift */; };
		C0000000000000000000000F /* URLSessionTransport.swift in Sources */ = {isa = PBXBuildFile; fileRef = B00000000000000000000011 /* URLSessionTransport.swift */; };
		C00000000000000000000010 /* AppModel.swift in Sources */ = {isa = PBXBuildFile; fileRef = B00000000000000000000012 /* AppModel.swift */; };
		C00000000000000000000011 /* DropdownView.swift in Sources */ = {isa = PBXBuildFile; fileRef = B00000000000000000000013 /* DropdownView.swift */; };
		C00000000000000000000012 /* CheckError.swift in Sources */ = {isa = PBXBuildFile; fileRef = B00000000000000000000014 /* CheckError.swift */; };
		C00000000000000000000013 /* StatusLine.swift in Sources */ = {isa = PBXBuildFile; fileRef = B00000000000000000000015 /* StatusLine.swift */; };
		C00000000000000000000014 /* DropdownSections.swift in Sources */ = {isa = PBXBuildFile; fileRef = B00000000000000000000016 /* DropdownSections.swift */; };
		C00000000000000000000015 /* WeakBox.swift in Sources */ = {isa = PBXBuildFile; fileRef = B00000000000000000000017 /* WeakBox.swift */; };
		C00000000000000000000020 /* ReviewSession.swift in Sources */ = {isa = PBXBuildFile; fileRef = B00000000000000000000020 /* ReviewSession.swift */; };
		C00000000000000000000021 /* SettingsStore.swift in Sources */ = {isa = PBXBuildFile; fileRef = B00000000000000000000021 /* SettingsStore.swift */; };
		C00000000000000000000022 /* LaunchAtLoginManaging.swift in Sources */ = {isa = PBXBuildFile; fileRef = B00000000000000000000022 /* LaunchAtLoginManaging.swift */; };
		C00000000000000000000023 /* SMAppServiceLaunchManager.swift in Sources */ = {isa = PBXBuildFile; fileRef = B00000000000000000000023 /* SMAppServiceLaunchManager.swift */; };
		C00000000000000000000025 /* Color+Theme.swift in Sources */ = {isa = PBXBuildFile; fileRef = B00000000000000000000025 /* Color+Theme.swift */; };
		C00000000000000000000026 /* Theme.swift in Sources */ = {isa = PBXBuildFile; fileRef = B00000000000000000000026 /* Theme.swift */; };
/* End PBXBuildFile section */

/* Begin PBXFileReference section */
		B00000000000000000000001 /* SteveApp.swift */ = {isa = PBXFileReference; lastKnownFileType = sourcecode.swift; path = SteveApp.swift; sourceTree = "<group>"; };
		B00000000000000000000004 /* SettingsView.swift */ = {isa = PBXFileReference; lastKnownFileType = sourcecode.swift; path = SettingsView.swift; sourceTree = "<group>"; };
		B00000000000000000000027 /* MainWindowView.swift */ = {isa = PBXFileReference; lastKnownFileType = sourcecode.swift; path = MainWindowView.swift; sourceTree = "<group>"; };
		B00000000000000000000025 /* Color+Theme.swift */ = {isa = PBXFileReference; lastKnownFileType = sourcecode.swift; path = "Color+Theme.swift"; sourceTree = "<group>"; };
		B00000000000000000000026 /* Theme.swift */ = {isa = PBXFileReference; lastKnownFileType = sourcecode.swift; path = Theme.swift; sourceTree = "<group>"; };
		B0000000000000000000001C /* DiffRendererView.swift */ = {isa = PBXFileReference; lastKnownFileType = sourcecode.swift; path = DiffRendererView.swift; sourceTree = "<group>"; };
		B0000000000000000000001D /* DiffBridge.swift */ = {isa = PBXFileReference; lastKnownFileType = sourcecode.swift; path = DiffBridge.swift; sourceTree = "<group>"; };
		B0000000000000000000001F /* UnifiedDiffParser.swift */ = {isa = PBXFileReference; lastKnownFileType = sourcecode.swift; path = UnifiedDiffParser.swift; sourceTree = "<group>"; };
		B00000000000000000000024 /* UnifiedDiffGenerator.swift */ = {isa = PBXFileReference; lastKnownFileType = sourcecode.swift; path = UnifiedDiffGenerator.swift; sourceTree = "<group>"; };
		B0000000000000000000001E /* DiffRenderer */ = {isa = PBXFileReference; lastKnownFileType = folder; path = DiffRenderer; sourceTree = "<group>"; };
		B00000000000000000000005 /* Info.plist */ = {isa = PBXFileReference; lastKnownFileType = text.plist.xml; path = Info.plist; sourceTree = "<group>"; };
		B00000000000000000000006 /* Cache.swift */ = {isa = PBXFileReference; lastKnownFileType = sourcecode.swift; path = Cache.swift; sourceTree = "<group>"; };
		B00000000000000000000007 /* OriginClient.swift */ = {isa = PBXFileReference; lastKnownFileType = sourcecode.swift; path = OriginClient.swift; sourceTree = "<group>"; };
		B00000000000000000000008 /* StateEngine.swift */ = {isa = PBXFileReference; lastKnownFileType = sourcecode.swift; path = StateEngine.swift; sourceTree = "<group>"; };
		B00000000000000000000009 /* Installer.swift */ = {isa = PBXFileReference; lastKnownFileType = sourcecode.swift; path = Installer.swift; sourceTree = "<group>"; };
		B0000000000000000000000A /* Scheduler.swift */ = {isa = PBXFileReference; lastKnownFileType = sourcecode.swift; path = Scheduler.swift; sourceTree = "<group>"; };
		B0000000000000000000000B /* SteveTests.swift */ = {isa = PBXFileReference; lastKnownFileType = sourcecode.swift; path = SteveTests.swift; sourceTree = "<group>"; };
		B0000000000000000000000C /* Steve.app */ = {isa = PBXFileReference; explicitFileType = wrapper.application; includeInIndex = 0; path = Steve.app; sourceTree = BUILT_PRODUCTS_DIR; };
		B0000000000000000000000D /* SteveTests.xctest */ = {isa = PBXFileReference; explicitFileType = wrapper.cfbundle; includeInIndex = 0; path = SteveTests.xctest; sourceTree = BUILT_PRODUCTS_DIR; };
		B0000000000000000000000E /* CacheTests.swift */ = {isa = PBXFileReference; lastKnownFileType = sourcecode.swift; path = CacheTests.swift; sourceTree = "<group>"; };
		B0000000000000000000000F /* HTTPTransport.swift */ = {isa = PBXFileReference; lastKnownFileType = sourcecode.swift; path = HTTPTransport.swift; sourceTree = "<group>"; };
		B00000000000000000000010 /* TarballExtractor.swift */ = {isa = PBXFileReference; lastKnownFileType = sourcecode.swift; path = TarballExtractor.swift; sourceTree = "<group>"; };
		B00000000000000000000011 /* URLSessionTransport.swift */ = {isa = PBXFileReference; lastKnownFileType = sourcecode.swift; path = URLSessionTransport.swift; sourceTree = "<group>"; };
		B00000000000000000000012 /* AppModel.swift */ = {isa = PBXFileReference; lastKnownFileType = sourcecode.swift; path = AppModel.swift; sourceTree = "<group>"; };
		B00000000000000000000013 /* DropdownView.swift */ = {isa = PBXFileReference; lastKnownFileType = sourcecode.swift; path = DropdownView.swift; sourceTree = "<group>"; };
		B00000000000000000000014 /* CheckError.swift */ = {isa = PBXFileReference; lastKnownFileType = sourcecode.swift; path = CheckError.swift; sourceTree = "<group>"; };
		B00000000000000000000015 /* StatusLine.swift */ = {isa = PBXFileReference; lastKnownFileType = sourcecode.swift; path = StatusLine.swift; sourceTree = "<group>"; };
		B00000000000000000000016 /* DropdownSections.swift */ = {isa = PBXFileReference; lastKnownFileType = sourcecode.swift; path = DropdownSections.swift; sourceTree = "<group>"; };
		B00000000000000000000017 /* WeakBox.swift */ = {isa = PBXFileReference; lastKnownFileType = sourcecode.swift; path = WeakBox.swift; sourceTree = "<group>"; };
		B00000000000000000000018 /* ReviewSidebarView.swift */ = {isa = PBXFileReference; lastKnownFileType = sourcecode.swift; path = ReviewSidebarView.swift; sourceTree = "<group>"; };
		B00000000000000000000019 /* ReviewWindowView.swift */ = {isa = PBXFileReference; lastKnownFileType = sourcecode.swift; path = ReviewWindowView.swift; sourceTree = "<group>"; };
		B0000000000000000000001A /* ReviewWindowController.swift */ = {isa = PBXFileReference; lastKnownFileType = sourcecode.swift; path = ReviewWindowController.swift; sourceTree = "<group>"; };
		B0000000000000000000001B /* ReviewSidebarModel.swift */ = {isa = PBXFileReference; lastKnownFileType = sourcecode.swift; path = ReviewSidebarModel.swift; sourceTree = "<group>"; };
		B00000000000000000000020 /* ReviewSession.swift */ = {isa = PBXFileReference; lastKnownFileType = sourcecode.swift; path = ReviewSession.swift; sourceTree = "<group>"; };
		B00000000000000000000021 /* SettingsStore.swift */ = {isa = PBXFileReference; lastKnownFileType = sourcecode.swift; path = SettingsStore.swift; sourceTree = "<group>"; };
		B00000000000000000000022 /* LaunchAtLoginManaging.swift */ = {isa = PBXFileReference; lastKnownFileType = sourcecode.swift; path = LaunchAtLoginManaging.swift; sourceTree = "<group>"; };
		B00000000000000000000023 /* SMAppServiceLaunchManager.swift */ = {isa = PBXFileReference; lastKnownFileType = sourcecode.swift; path = SMAppServiceLaunchManager.swift; sourceTree = "<group>"; };
/* End PBXFileReference section */

/* Begin PBXFrameworksBuildPhase section */
		E00000000000000000000002 /* Frameworks */ = {
			isa = PBXFrameworksBuildPhase;
			buildActionMask = 2147483647;
			files = (
			);
			runOnlyForDeploymentPostprocessing = 0;
		};
		E00000000000000000000005 /* Frameworks */ = {
			isa = PBXFrameworksBuildPhase;
			buildActionMask = 2147483647;
			files = (
			);
			runOnlyForDeploymentPostprocessing = 0;
		};
/* End PBXFrameworksBuildPhase section */

/* Begin PBXGroup section */
		D00000000000000000000001 /* = */ = {
			isa = PBXGroup;
			children = (
				D00000000000000000000002 /* Steve */,
				D00000000000000000000003 /* Sources */,
				D00000000000000000000009 /* SteveTests */,
				D0000000000000000000000A /* Products */,
			);
			sourceTree = "<group>";
		};
		D00000000000000000000002 /* Steve */ = {
			isa = PBXGroup;
			children = (
				B00000000000000000000001 /* SteveApp.swift */,
				B00000000000000000000027 /* MainWindowView.swift */,
				B00000000000000000000013 /* DropdownView.swift */,
				B00000000000000000000018 /* ReviewSidebarView.swift */,
				B00000000000000000000019 /* ReviewWindowView.swift */,
				B0000000000000000000001A /* ReviewWindowController.swift */,
				B0000000000000000000001C /* DiffRendererView.swift */,
				B00000000000000000000004 /* SettingsView.swift */,
				B00000000000000000000023 /* SMAppServiceLaunchManager.swift */,
				B00000000000000000000025 /* Color+Theme.swift */,
				B00000000000000000000005 /* Info.plist */,
				B0000000000000000000001E /* DiffRenderer */,
			);
			path = Steve;
			sourceTree = "<group>";
		};
		D00000000000000000000003 /* Sources */ = {
			isa = PBXGroup;
			children = (
				D0000000000000000000000B /* AppCore */,
				D0000000000000000000000C /* DiffBridge */,
				D00000000000000000000004 /* Cache */,
				D00000000000000000000005 /* OriginClient */,
				D00000000000000000000006 /* StateEngine */,
				D00000000000000000000007 /* Installer */,
				D00000000000000000000008 /* Scheduler */,
				D0000000000000000000000D /* Theme */,
			);
			path = Sources;
			sourceTree = "<group>";
		};
		D0000000000000000000000D /* Theme */ = {
			isa = PBXGroup;
			children = (
				B00000000000000000000026 /* Theme.swift */,
			);
			path = Theme;
			sourceTree = "<group>";
		};
		D0000000000000000000000B /* AppCore */ = {
			isa = PBXGroup;
			children = (
				B00000000000000000000012 /* AppModel.swift */,
				B00000000000000000000014 /* CheckError.swift */,
				B00000000000000000000015 /* StatusLine.swift */,
				B00000000000000000000016 /* DropdownSections.swift */,
				B00000000000000000000017 /* WeakBox.swift */,
				B0000000000000000000001B /* ReviewSidebarModel.swift */,
				B00000000000000000000020 /* ReviewSession.swift */,
				B00000000000000000000021 /* SettingsStore.swift */,
				B00000000000000000000022 /* LaunchAtLoginManaging.swift */,
			);
			path = AppCore;
			sourceTree = "<group>";
		};
		D0000000000000000000000C /* DiffBridge */ = {
			isa = PBXGroup;
			children = (
				B0000000000000000000001D /* DiffBridge.swift */,
				B0000000000000000000001F /* UnifiedDiffParser.swift */,
				B00000000000000000000024 /* UnifiedDiffGenerator.swift */,
			);
			path = DiffBridge;
			sourceTree = "<group>";
		};
		D00000000000000000000004 /* Cache */ = {
			isa = PBXGroup;
			children = (
				B00000000000000000000006 /* Cache.swift */,
			);
			path = Cache;
			sourceTree = "<group>";
		};
		D00000000000000000000005 /* OriginClient */ = {
			isa = PBXGroup;
			children = (
				B0000000000000000000000F /* HTTPTransport.swift */,
				B00000000000000000000007 /* OriginClient.swift */,
				B00000000000000000000010 /* TarballExtractor.swift */,
				B00000000000000000000011 /* URLSessionTransport.swift */,
			);
			path = OriginClient;
			sourceTree = "<group>";
		};
		D00000000000000000000006 /* StateEngine */ = {
			isa = PBXGroup;
			children = (
				B00000000000000000000008 /* StateEngine.swift */,
			);
			path = StateEngine;
			sourceTree = "<group>";
		};
		D00000000000000000000007 /* Installer */ = {
			isa = PBXGroup;
			children = (
				B00000000000000000000009 /* Installer.swift */,
			);
			path = Installer;
			sourceTree = "<group>";
		};
		D00000000000000000000008 /* Scheduler */ = {
			isa = PBXGroup;
			children = (
				B0000000000000000000000A /* Scheduler.swift */,
			);
			path = Scheduler;
			sourceTree = "<group>";
		};
		D00000000000000000000009 /* SteveTests */ = {
			isa = PBXGroup;
			children = (
				B0000000000000000000000B /* SteveTests.swift */,
				B0000000000000000000000E /* CacheTests.swift */,
			);
			path = SteveTests;
			sourceTree = "<group>";
		};
		D0000000000000000000000A /* Products */ = {
			isa = PBXGroup;
			children = (
				B0000000000000000000000C /* Steve.app */,
				B0000000000000000000000D /* SteveTests.xctest */,
			);
			name = Products;
			sourceTree = "<group>";
		};
/* End PBXGroup section */

/* Begin PBXNativeTarget section */
		F00000000000000000000001 /* Steve */ = {
			isa = PBXNativeTarget;
			buildConfigurationList = E10000000000000000000003 /* Build configuration list for PBXNativeTarget "Steve" */;
			buildPhases = (
				E00000000000000000000001 /* Sources */,
				E00000000000000000000002 /* Frameworks */,
				E00000000000000000000003 /* Resources */,
			);
			buildRules = (
			);
			dependencies = (
			);
			name = Steve;
			productName = Steve;
			productReference = B0000000000000000000000C /* Steve.app */;
			productType = "com.apple.product-type.application";
		};
		F00000000000000000000002 /* SteveTests */ = {
			isa = PBXNativeTarget;
			buildConfigurationList = E10000000000000000000006 /* Build configuration list for PBXNativeTarget "SteveTests" */;
			buildPhases = (
				E00000000000000000000004 /* Sources */,
				E00000000000000000000005 /* Frameworks */,
			);
			buildRules = (
			);
			dependencies = (
				F00000000000000000000003 /* PBXTargetDependency */,
			);
			name = SteveTests;
			productName = SteveTests;
			productReference = B0000000000000000000000D /* SteveTests.xctest */;
			productType = "com.apple.product-type.bundle.unit-test";
		};
/* End PBXNativeTarget section */

/* Begin PBXProject section */
		A00000000000000000000001 /* Project object */ = {
			isa = PBXProject;
			attributes = {
				BuildIndependentTargetsInParallel = 1;
				LastSwiftUpdateCheck = 1600;
				LastUpgradeCheck = 1600;
				TargetAttributes = {
					F00000000000000000000001 = {
						CreatedOnToolsVersion = 16.0;
					};
					F00000000000000000000002 = {
						CreatedOnToolsVersion = 16.0;
						TestTargetID = F00000000000000000000001;
					};
				};
			};
			buildConfigurationList = E10000000000000000000009 /* Build configuration list for PBXProject "Steve" */;
			compatibilityVersion = "Xcode 14.0";
			developmentRegion = en;
			hasScannedForEncodings = 0;
			knownRegions = (
				en,
				Base,
			);
			mainGroup = D00000000000000000000001;
			minimizedProjectReferenceProxies = 1;
			productRefGroup = D0000000000000000000000A /* Products */;
			projectDirPath = "";
			projectRoot = "";
			targets = (
				F00000000000000000000001 /* Steve */,
				F00000000000000000000002 /* SteveTests */,
			);
		};
/* End PBXProject section */

/* Begin PBXResourcesBuildPhase section */
		E00000000000000000000003 /* Resources */ = {
			isa = PBXResourcesBuildPhase;
			buildActionMask = 2147483647;
			files = (
				C0000000000000000000001E /* DiffRenderer in Resources */,
			);
			runOnlyForDeploymentPostprocessing = 0;
		};
/* End PBXResourcesBuildPhase section */

/* Begin PBXSourcesBuildPhase section */
		E00000000000000000000001 /* Sources */ = {
			isa = PBXSourcesBuildPhase;
			buildActionMask = 2147483647;
			files = (
				C00000000000000000000001 /* SteveApp.swift in Sources */,
				C00000000000000000000027 /* MainWindowView.swift in Sources */,
				C00000000000000000000004 /* SettingsView.swift in Sources */,
				C00000000000000000000005 /* Cache.swift in Sources */,
				C0000000000000000000000D /* HTTPTransport.swift in Sources */,
				C00000000000000000000006 /* OriginClient.swift in Sources */,
				C0000000000000000000000E /* TarballExtractor.swift in Sources */,
				C0000000000000000000000F /* URLSessionTransport.swift in Sources */,
				C00000000000000000000007 /* StateEngine.swift in Sources */,
				C00000000000000000000008 /* Installer.swift in Sources */,
				C00000000000000000000009 /* Scheduler.swift in Sources */,
				C00000000000000000000010 /* AppModel.swift in Sources */,
				C00000000000000000000011 /* DropdownView.swift in Sources */,
				C00000000000000000000012 /* CheckError.swift in Sources */,
				C00000000000000000000013 /* StatusLine.swift in Sources */,
				C00000000000000000000014 /* DropdownSections.swift in Sources */,
				C00000000000000000000015 /* WeakBox.swift in Sources */,
				C00000000000000000000019 /* ReviewSidebarModel.swift in Sources */,
				C00000000000000000000020 /* ReviewSession.swift in Sources */,
				C00000000000000000000021 /* SettingsStore.swift in Sources */,
				C00000000000000000000022 /* LaunchAtLoginManaging.swift in Sources */,
				C00000000000000000000023 /* SMAppServiceLaunchManager.swift in Sources */,
				C00000000000000000000016 /* ReviewSidebarView.swift in Sources */,
				C00000000000000000000017 /* ReviewWindowView.swift in Sources */,
				C00000000000000000000018 /* ReviewWindowController.swift in Sources */,
				C0000000000000000000001C /* DiffRendererView.swift in Sources */,
				C0000000000000000000001D /* DiffBridge.swift in Sources */,
				C0000000000000000000001F /* UnifiedDiffParser.swift in Sources */,
				C00000000000000000000024 /* UnifiedDiffGenerator.swift in Sources */,
				C00000000000000000000026 /* Theme.swift in Sources */,
				C00000000000000000000025 /* Color+Theme.swift in Sources */,
			);
			runOnlyForDeploymentPostprocessing = 0;
		};
		E00000000000000000000004 /* Sources */ = {
			isa = PBXSourcesBuildPhase;
			buildActionMask = 2147483647;
			files = (
				C0000000000000000000000A /* SteveTests.swift in Sources */,
				C0000000000000000000000B /* CacheTests.swift in Sources */,
				C0000000000000000000000C /* Cache.swift in SteveTests */,
			);
			runOnlyForDeploymentPostprocessing = 0;
		};
/* End PBXSourcesBuildPhase section */

/* Begin PBXContainerItemProxy section */
		F00000000000000000000004 /* PBXContainerItemProxy */ = {
			isa = PBXContainerItemProxy;
			containerPortal = A00000000000000000000001 /* Project object */;
			proxyType = 1;
			remoteGlobalIDString = F00000000000000000000001;
			remoteInfo = Steve;
		};
/* End PBXContainerItemProxy section */

/* Begin PBXTargetDependency section */
		F00000000000000000000003 /* PBXTargetDependency */ = {
			isa = PBXTargetDependency;
			target = F00000000000000000000001 /* Steve */;
			targetProxy = F00000000000000000000004 /* PBXContainerItemProxy */;
		};
/* End PBXTargetDependency section */

/* Begin XCBuildConfiguration section */
		E10000000000000000000001 /* Debug */ = {
			isa = XCBuildConfiguration;
			buildSettings = {
				CODE_SIGN_STYLE = Automatic;
				CURRENT_PROJECT_VERSION = 1;
				GENERATE_INFOPLIST_FILE = NO;
				INFOPLIST_FILE = Steve/Info.plist;
				LD_RUNPATH_SEARCH_PATHS = (
					"$(inherited)",
					"@executable_path/../Frameworks",
				);
				MACOSX_DEPLOYMENT_TARGET = 15.0;
				MARKETING_VERSION = 1.0;
				PRODUCT_BUNDLE_IDENTIFIER = com.pahwaranger.Steve;
				PRODUCT_NAME = "$(TARGET_NAME)";
				SWIFT_EMIT_LOC_STRINGS = YES;
				SWIFT_VERSION = 6.0;
			};
			name = Debug;
		};
		E10000000000000000000002 /* Release */ = {
			isa = XCBuildConfiguration;
			buildSettings = {
				CODE_SIGN_STYLE = Automatic;
				CURRENT_PROJECT_VERSION = 1;
				GENERATE_INFOPLIST_FILE = NO;
				INFOPLIST_FILE = Steve/Info.plist;
				LD_RUNPATH_SEARCH_PATHS = (
					"$(inherited)",
					"@executable_path/../Frameworks",
				);
				MACOSX_DEPLOYMENT_TARGET = 15.0;
				MARKETING_VERSION = 1.0;
				PRODUCT_BUNDLE_IDENTIFIER = com.pahwaranger.Steve;
				PRODUCT_NAME = "$(TARGET_NAME)";
				SWIFT_EMIT_LOC_STRINGS = YES;
				SWIFT_VERSION = 6.0;
			};
			name = Release;
		};
		E10000000000000000000003 /* Build configuration list for PBXNativeTarget "Steve" */ = {
			isa = XCConfigurationList;
			buildConfigurations = (
				E10000000000000000000001 /* Debug */,
				E10000000000000000000002 /* Release */,
			);
			defaultConfigurationIsVisible = 0;
			defaultConfigurationName = Release;
		};
		E10000000000000000000004 /* Debug */ = {
			isa = XCBuildConfiguration;
			buildSettings = {
				CODE_SIGN_STYLE = Automatic;
				CURRENT_PROJECT_VERSION = 1;
				GENERATE_INFOPLIST_FILE = YES;
				MACOSX_DEPLOYMENT_TARGET = 15.0;
				MARKETING_VERSION = 1.0;
				PRODUCT_BUNDLE_IDENTIFIER = com.pahwaranger.SteveTests;
				PRODUCT_NAME = "$(TARGET_NAME)";
				SWIFT_EMIT_LOC_STRINGS = NO;
				SWIFT_VERSION = 6.0;
			};
			name = Debug;
		};
		E10000000000000000000005 /* Release */ = {
			isa = XCBuildConfiguration;
			buildSettings = {
				CODE_SIGN_STYLE = Automatic;
				CURRENT_PROJECT_VERSION = 1;
				GENERATE_INFOPLIST_FILE = YES;
				MACOSX_DEPLOYMENT_TARGET = 15.0;
				MARKETING_VERSION = 1.0;
				PRODUCT_BUNDLE_IDENTIFIER = com.pahwaranger.SteveTests;
				PRODUCT_NAME = "$(TARGET_NAME)";
				SWIFT_EMIT_LOC_STRINGS = NO;
				SWIFT_VERSION = 6.0;
			};
			name = Release;
		};
		E10000000000000000000006 /* Build configuration list for PBXNativeTarget "SteveTests" */ = {
			isa = XCConfigurationList;
			buildConfigurations = (
				E10000000000000000000004 /* Debug */,
				E10000000000000000000005 /* Release */,
			);
			defaultConfigurationIsVisible = 0;
			defaultConfigurationName = Release;
		};
		E10000000000000000000007 /* Debug */ = {
			isa = XCBuildConfiguration;
			buildSettings = {
				ALWAYS_SEARCH_USER_PATHS = NO;
				CLANG_CXX_LANGUAGE_STANDARD = "gnu++20";
				CLANG_ENABLE_MODULES = YES;
				CLANG_ENABLE_OBJC_ARC = YES;
				CLANG_ENABLE_OBJC_WEAK = YES;
				CLANG_WARN_BLOCK_CAPTURE_AUTORELEASING = YES;
				CLANG_WARN_BOOL_CONVERSION = YES;
				CLANG_WARN_COMMA = YES;
				CLANG_WARN_CONSTANT_CONVERSION = YES;
				CLANG_WARN_DEPRECATED_OBJC_IMPLEMENTATIONS = YES;
				CLANG_WARN_DIRECT_OBJC_ISA_USAGE = YES_ERROR;
				CLANG_WARN_EMPTY_BODY = YES;
				CLANG_WARN_ENUM_CONVERSION = YES;
				CLANG_WARN_INFINITE_RECURSION = YES;
				CLANG_WARN_INT_CONVERSION = YES;
				CLANG_WARN_NON_LITERAL_NULL_CONVERSION = YES;
				CLANG_WARN_OBJC_IMPLICIT_RETAIN_CYCLE = YES;
				CLANG_WARN_OBJC_LITERAL_CONVERSION = YES;
				CLANG_WARN_OBJC_ROOT_CLASS = YES_ERROR;
				CLANG_WARN_RANGE_LOOP_ANALYSIS = YES;
				CLANG_WARN_SUSPICIOUS_MOVE = YES;
				CLANG_WARN_UNREACHABLE_CODE = YES;
				CLANG_WARN__DUPLICATE_METHOD_MATCH = YES;
				COPY_PHASE_STRIP = NO;
				DEBUG_INFORMATION_FORMAT = dwarf;
				ENABLE_STRICT_OBJC_MSGSEND = YES;
				ENABLE_TESTABILITY = YES;
				GCC_C_LANGUAGE_STANDARD = gnu17;
				GCC_DYNAMIC_NO_PIC = NO;
				GCC_NO_COMMON_BLOCKS = YES;
				GCC_OPTIMIZATION_LEVEL = 0;
				GCC_PREPROCESSOR_DEFINITIONS = (
					"DEBUG=1",
					"$(inherited)",
				);
				GCC_WARN_64_TO_32_BIT_CONVERSION = YES;
				GCC_WARN_ABOUT_RETURN_TYPE = YES_ERROR;
				GCC_WARN_UNDECLARED_SELECTOR = YES;
				GCC_WARN_UNINITIALIZED_AUTOS = YES_AGGRESSIVE;
				GCC_WARN_UNUSED_FUNCTION = YES;
				GCC_WARN_UNUSED_VARIABLE = YES;
				MACOSX_DEPLOYMENT_TARGET = 15.0;
				MTL_ENABLE_DEBUG_INFO = INCLUDE_SOURCE;
				MTL_FAST_MATH = YES;
				ONLY_ACTIVE_ARCH = YES;
				SDKROOT = macosx;
				SWIFT_ACTIVE_COMPILATION_CONDITIONS = "DEBUG $(inherited)";
				SWIFT_OPTIMIZATION_LEVEL = "-Onone";
			};
			name = Debug;
		};
		E10000000000000000000008 /* Release */ = {
			isa = XCBuildConfiguration;
			buildSettings = {
				ALWAYS_SEARCH_USER_PATHS = NO;
				CLANG_CXX_LANGUAGE_STANDARD = "gnu++20";
				CLANG_ENABLE_MODULES = YES;
				CLANG_ENABLE_OBJC_ARC = YES;
				CLANG_ENABLE_OBJC_WEAK = YES;
				CLANG_WARN_BLOCK_CAPTURE_AUTORELEASING = YES;
				CLANG_WARN_BOOL_CONVERSION = YES;
				CLANG_WARN_COMMA = YES;
				CLANG_WARN_CONSTANT_CONVERSION = YES;
				CLANG_WARN_DEPRECATED_OBJC_IMPLEMENTATIONS = YES;
				CLANG_WARN_DIRECT_OBJC_ISA_USAGE = YES_ERROR;
				CLANG_WARN_EMPTY_BODY = YES;
				CLANG_WARN_ENUM_CONVERSION = YES;
				CLANG_WARN_INFINITE_RECURSION = YES;
				CLANG_WARN_INT_CONVERSION = YES;
				CLANG_WARN_NON_LITERAL_NULL_CONVERSION = YES;
				CLANG_WARN_OBJC_IMPLICIT_RETAIN_CYCLE = YES;
				CLANG_WARN_OBJC_LITERAL_CONVERSION = YES;
				CLANG_WARN_OBJC_ROOT_CLASS = YES_ERROR;
				CLANG_WARN_RANGE_LOOP_ANALYSIS = YES;
				CLANG_WARN_SUSPICIOUS_MOVE = YES;
				CLANG_WARN_UNREACHABLE_CODE = YES;
				CLANG_WARN__DUPLICATE_METHOD_MATCH = YES;
				COPY_PHASE_STRIP = NO;
				DEBUG_INFORMATION_FORMAT = "dwarf-with-dsym";
				ENABLE_NS_ASSERTIONS = NO;
				ENABLE_STRICT_OBJC_MSGSEND = YES;
				GCC_C_LANGUAGE_STANDARD = gnu17;
				GCC_NO_COMMON_BLOCKS = YES;
				GCC_WARN_64_TO_32_BIT_CONVERSION = YES;
				GCC_WARN_ABOUT_RETURN_TYPE = YES_ERROR;
				GCC_WARN_UNDECLARED_SELECTOR = YES;
				GCC_WARN_UNINITIALIZED_AUTOS = YES_AGGRESSIVE;
				GCC_WARN_UNUSED_FUNCTION = YES;
				GCC_WARN_UNUSED_VARIABLE = YES;
				MACOSX_DEPLOYMENT_TARGET = 15.0;
				MTL_FAST_MATH = YES;
				SDKROOT = macosx;
				SWIFT_COMPILATION_MODE = wholemodule;
			};
			name = Release;
		};
		E10000000000000000000009 /* Build configuration list for PBXProject "Steve" */ = {
			isa = XCConfigurationList;
			buildConfigurations = (
				E10000000000000000000007 /* Debug */,
				E10000000000000000000008 /* Release */,
			);
			defaultConfigurationIsVisible = 0;
			defaultConfigurationName = Release;
		};
/* End XCBuildConfiguration section */

	};
	rootObject = A00000000000000000000001 /* Project object */;
}
